
Microsoft Visual Studio Solution File, Format Version 12.00
# Visual Studio Version 16
VisualStudioVersion = 16.0.30001.183
MinimumVisualStudioVersion = 10.0.40219.1
Project("{FAE04EC0-301F-11D3-BF4B-00C04F79EFBC}") = "BlazorAppFirst", "BlazorAppFirst\BlazorAppFirst.csproj", "{90DE0F7D-8665-4F78-8D19-1A1D952D2AC1}"
EndProject
Global
	GlobalSection(SolutionConfigurationPlatforms) = preSolution
		Debug|Any CPU = Debug|Any CPU
		Release|Any CPU = Release|Any CPU
	EndGlobalSection
	GlobalSection(ProjectConfigurationPlatforms) = postSolution
		{90DE0F7D-8665-4F78-8D19-1A1D952D2AC1}.Debug|Any CPU.ActiveCfg = Debug|Any CPU
		{90DE0F7D-8665-4F78-8D19-1A1D952D2AC1}.Debug|Any CPU.Build.0 = Debug|Any CPU
		{90DE0F7D-8665-4F78-8D19-1A1D952D2AC1}.Release|Any CPU.ActiveCfg = Release|Any CPU
		{90DE0F7D-8665-4F78-8D19-1A1D952D2AC1}.Release|Any CPU.Build.0 = Release|Any CPU
	EndGlobalSection
	GlobalSection(SolutionProperties) = preSolution
		HideSolutionNode = FALSE
	EndGlobalSection
	GlobalSection(ExtensibilityGlobals) = postSolution
		SolutionGuid = {57E6EA9D-2CD2-4A40-867C-D9A6E7971809}
	EndGlobalSection
EndGlobal
